
Microsoft Visual Studio Solution File, Format Version 12.00
Project("{FAE04EC0-301F-11D3-BF4B-00C04F79EFBC}") = "ImageShifter", "ImageShifter\ImageShifter.csproj", "{75C91615-05F4-4969-B3AE-C0DF89B0486F}"
EndProject
Global
	GlobalSection(SolutionConfigurationPlatforms) = preSolution
		Debug|Any CPU = Debug|Any CPU
		Release|Any CPU = Release|Any CPU
	EndGlobalSection
	GlobalSection(ProjectConfigurationPlatforms) = postSolution
		{75C91615-05F4-4969-B3AE-C0DF89B0486F}.Debug|Any CPU.ActiveCfg = Debug|Any CPU
		{75C91615-05F4-4969-B3AE-C0DF89B0486F}.Debug|Any CPU.Build.0 = Debug|Any CPU
		{75C91615-05F4-4969-B3AE-C0DF89B0486F}.Release|Any CPU.ActiveCfg = Release|Any CPU
		{75C91615-05F4-4969-B3AE-C0DF89B0486F}.Release|Any CPU.Build.0 = Release|Any CPU
	EndGlobalSection
EndGlobal
